
Microsoft Visual Studio Solution File, Format Version 12.00
# Visual Studio Version 17
VisualStudioVersion = 17.11.35303.130
MinimumVisualStudioVersion = 10.0.40219.1
Project("{FAE04EC0-301F-11D3-BF4B-00C04F79EFBC}") = "HospitalAppointmentSystem.Models", "HospitalAppointmentSystem.Models\HospitalAppointmentSystem.Models.csproj", "{06D854D6-6A49-4B12-9C28-45272F00CD85}"
EndProject
Project("{FAE04EC0-301F-11D3-BF4B-00C04F79EFBC}") = "HospitalAppointmentSystem.DataAccess", "HospitalAppointmentSystem.DataAccess\HospitalAppointmentSystem.DataAccess.csproj", "{2D5A72FC-8759-4C0F-8466-76DA0D1CC325}"
EndProject
Project("{FAE04EC0-301F-11D3-BF4B-00C04F79EFBC}") = "Core", "Core\Core.csproj", "{2A5AE132-493B-4C64-9FEF-B0CB601E18D9}"
EndProject
Project("{FAE04EC0-301F-11D3-BF4B-00C04F79EFBC}") = "HospitalAppointmentSystem.Service", "HospitalAppointmentSystem.Service\HospitalAppointmentSystem.Service.csproj", "{50A0DC24-9EFD-4985-B253-2F8863F040E3}"
EndProject
Project("{FAE04EC0-301F-11D3-BF4B-00C04F79EFBC}") = "HospitalAppointmentSystem.API", "HospitalAppointmentSystem.API\HospitalAppointmentSystem.API.csproj", "{AE11D145-1C1D-463E-AC16-604B1EAABBF9}"
EndProject
Global
	GlobalSection(SolutionConfigurationPlatforms) = preSolution
		Debug|Any CPU = Debug|Any CPU
		Release|Any CPU = Release|Any CPU
	EndGlobalSection
	GlobalSection(ProjectConfigurationPlatforms) = postSolution
		{06D854D6-6A49-4B12-9C28-45272F00CD85}.Debug|Any CPU.ActiveCfg = Debug|Any CPU
		{06D854D6-6A49-4B12-9C28-45272F00CD85}.Debug|Any CPU.Build.0 = Debug|Any CPU
		{06D854D6-6A49-4B12-9C28-45272F00CD85}.Release|Any CPU.ActiveCfg = Release|Any CPU
		{06D854D6-6A49-4B12-9C28-45272F00CD85}.Release|Any CPU.Build.0 = Release|Any CPU
		{2D5A72FC-8759-4C0F-8466-76DA0D1CC325}.Debug|Any CPU.ActiveCfg = Debug|Any CPU
		{2D5A72FC-8759-4C0F-8466-76DA0D1CC325}.Debug|Any CPU.Build.0 = Debug|Any CPU
		{2D5A72FC-8759-4C0F-8466-76DA0D1CC325}.Release|Any CPU.ActiveCfg = Release|Any CPU
		{2D5A72FC-8759-4C0F-8466-76DA0D1CC325}.Release|Any CPU.Build.0 = Release|Any CPU
		{2A5AE132-493B-4C64-9FEF-B0CB601E18D9}.Debug|Any CPU.ActiveCfg = Debug|Any CPU
		{2A5AE132-493B-4C64-9FEF-B0CB601E18D9}.Debug|Any CPU.Build.0 = Debug|Any CPU
		{2A5AE132-493B-4C64-9FEF-B0CB601E18D9}.Release|Any CPU.ActiveCfg = Release|Any CPU
		{2A5AE132-493B-4C64-9FEF-B0CB601E18D9}.Release|Any CPU.Build.0 = Release|Any CPU
		{50A0DC24-9EFD-4985-B253-2F8863F040E3}.Debug|Any CPU.ActiveCfg = Debug|Any CPU
		{50A0DC24-9EFD-4985-B253-2F8863F040E3}.Debug|Any CPU.Build.0 = Debug|Any CPU
		{50A0DC24-9EFD-4985-B253-2F8863F040E3}.Release|Any CPU.ActiveCfg = Release|Any CPU
		{50A0DC24-9EFD-4985-B253-2F8863F040E3}.Release|Any CPU.Build.0 = Release|Any CPU
		{AE11D145-1C1D-463E-AC16-604B1EAABBF9}.Debug|Any CPU.ActiveCfg = Debug|Any CPU
		{AE11D145-1C1D-463E-AC16-604B1EAABBF9}.Debug|Any CPU.Build.0 = Debug|Any CPU
		{AE11D145-1C1D-463E-AC16-604B1EAABBF9}.Release|Any CPU.ActiveCfg = Release|Any CPU
		{AE11D145-1C1D-463E-AC16-604B1EAABBF9}.Release|Any CPU.Build.0 = Release|Any CPU
	EndGlobalSection
	GlobalSection(SolutionProperties) = preSolution
		HideSolutionNode = FALSE
	EndGlobalSection
	GlobalSection(ExtensibilityGlobals) = postSolution
		SolutionGuid = {2E7F943A-C83A-4565-8A81-78AB58DCAC10}
	EndGlobalSection
EndGlobal
